
Microsoft Visual Studio Solution File, Format Version 12.00
# Visual Studio 15
VisualStudioVersion = 15.0.28010.2046
MinimumVisualStudioVersion = 10.0.40219.1
Project("{FAE04EC0-301F-11D3-BF4B-00C04F79EFBC}") = "App_process", "App_process\App_process.csproj", "{004E6F27-5C5A-4E94-8C3E-BB3D59CAC25B}"
EndProject
Global
	GlobalSection(SolutionConfigurationPlatforms) = preSolution
		Debug|Any CPU = Debug|Any CPU
		Release|Any CPU = Release|Any CPU
	EndGlobalSection
	GlobalSection(ProjectConfigurationPlatforms) = postSolution
		{004E6F27-5C5A-4E94-8C3E-BB3D59CAC25B}.Debug|Any CPU.ActiveCfg = Debug|Any CPU
		{004E6F27-5C5A-4E94-8C3E-BB3D59CAC25B}.Debug|Any CPU.Build.0 = Debug|Any CPU
		{004E6F27-5C5A-4E94-8C3E-BB3D59CAC25B}.Release|Any CPU.ActiveCfg = Release|Any CPU
		{004E6F27-5C5A-4E94-8C3E-BB3D59CAC25B}.Release|Any CPU.Build.0 = Release|Any CPU
	EndGlobalSection
	GlobalSection(SolutionProperties) = preSolution
		HideSolutionNode = FALSE
	EndGlobalSection
	GlobalSection(ExtensibilityGlobals) = postSolution
		SolutionGuid = {FF0E95A3-A0EA-40F3-A2DC-F03A21B77502}
	EndGlobalSection
EndGlobal
